
Microsoft Visual Studio Solution File, Format Version 12.00
# Visual Studio Version 17
VisualStudioVersion = 17.2.32516.85
MinimumVisualStudioVersion = 10.0.40219.1
Project("{FAE04EC0-301F-11D3-BF4B-00C04F79EFBC}") = "Demonstracao", "Demonstracao\Demonstracao.csproj", "{5BF408F9-5675-4636-AFFE-9BDF23FB83FA}"
EndProject
Project("{FAE04EC0-301F-11D3-BF4B-00C04F79EFBC}") = "Modelos", "Modelos\Modelos.csproj", "{4DBB7DE9-1132-4FE5-864A-85CC962AE69A}"
EndProject
Project("{FAE04EC0-301F-11D3-BF4B-00C04F79EFBC}") = "Repositorio", "Repositorio\Repositorio.csproj", "{CAA80EE1-B421-41E1-9A14-8E7CF1FC2084}"
EndProject
Global
	GlobalSection(SolutionConfigurationPlatforms) = preSolution
		Debug|Any CPU = Debug|Any CPU
		Release|Any CPU = Release|Any CPU
	EndGlobalSection
	GlobalSection(ProjectConfigurationPlatforms) = postSolution
		{5BF408F9-5675-4636-AFFE-9BDF23FB83FA}.Debug|Any CPU.ActiveCfg = Debug|Any CPU
		{5BF408F9-5675-4636-AFFE-9BDF23FB83FA}.Debug|Any CPU.Build.0 = Debug|Any CPU
		{5BF408F9-5675-4636-AFFE-9BDF23FB83FA}.Release|Any CPU.ActiveCfg = Release|Any CPU
		{5BF408F9-5675-4636-AFFE-9BDF23FB83FA}.Release|Any CPU.Build.0 = Release|Any CPU
		{4DBB7DE9-1132-4FE5-864A-85CC962AE69A}.Debug|Any CPU.ActiveCfg = Debug|Any CPU
		{4DBB7DE9-1132-4FE5-864A-85CC962AE69A}.Debug|Any CPU.Build.0 = Debug|Any CPU
		{4DBB7DE9-1132-4FE5-864A-85CC962AE69A}.Release|Any CPU.ActiveCfg = Release|Any CPU
		{4DBB7DE9-1132-4FE5-864A-85CC962AE69A}.Release|Any CPU.Build.0 = Release|Any CPU
		{CAA80EE1-B421-41E1-9A14-8E7CF1FC2084}.Debug|Any CPU.ActiveCfg = Debug|Any CPU
		{CAA80EE1-B421-41E1-9A14-8E7CF1FC2084}.Debug|Any CPU.Build.0 = Debug|Any CPU
		{CAA80EE1-B421-41E1-9A14-8E7CF1FC2084}.Release|Any CPU.ActiveCfg = Release|Any CPU
		{CAA80EE1-B421-41E1-9A14-8E7CF1FC2084}.Release|Any CPU.Build.0 = Release|Any CPU
	EndGlobalSection
	GlobalSection(SolutionProperties) = preSolution
		HideSolutionNode = FALSE
	EndGlobalSection
	GlobalSection(ExtensibilityGlobals) = postSolution
		SolutionGuid = {2CFDE0A4-30F3-49B7-87BB-EF7988836AA1}
	EndGlobalSection
EndGlobal
